<?xml version="1.0" encoding="utf-8"?>
<Project ToolsVersion="4.0" xmlns="http://schemas.microsoft.com/developer/msbuild/2003">
  <ItemGroup>
    <Filter Include="Source Files">
      <UniqueIdentifier>{4FC737F1-C7A5-4376-A066-2A32D752A2FF}</UniqueIdentifier>
      <Extensions>cpp;c;cc;cxx;def;odl;idl;hpj;bat;asm;asmx</Extensions>
    </Filter>
    <Filter Include="Header Files">
      <UniqueIdentifier>{93995380-89BD-4b04-88EB-625FBE52EBFB}</UniqueIdentifier>
      <Extensions>h;hh;hpp;hxx;hm;inl;inc;xsd</Extensions>
    </Filter>
    <Filter Include="Resource Files">
      <UniqueIdentifier>{67DA6AB6-F800-4c08-8B7A-83BB121AAD01}</UniqueIdentifier>
      <Extensions>rc;ico;cur;bmp;dlg;rc2;rct;bin;rgs;gif;jpg;jpeg;jpe;resx;tiff;tif;png;wav;mfcribbon-ms</Extensions>
    </Filter>
  </ItemGroup>
  <ItemGroup>
    <Text Include="ReadMe.txt" />
  </ItemGroup>
  <ItemGroup>
    <ClInclude Include="stdafx.h">
      <Filter>Header Files</Filter>
    </ClInclude>
    <ClInclude Include="targetver.h">
      <Filter>Header Files</Filter>
    </ClInclude>
    <ClInclude Include="Cube.h">
      <Filter>Header Files</Filter>
    </ClInclude>
    <ClInclude Include="SOIL.h">
      <Filter>Header Files</Filter>
    </ClInclude>
    <ClInclude Include="glut.h">
      <Filter>Header Files</Filter>
    </ClInclude>
    <ClInclude Include="VectorLib.h">
      <Filter>Header Files</Filter>
    </ClInclude>
    <ClInclude Include="BasicShape.h">
      <Filter>Header Files</Filter>
    </ClInclude>
    <ClInclude Include="GControl.h">
      <Filter>Header Files</Filter>
    </ClInclude>
    <ClInclude Include="Player.h">
      <Filter>Header Files</Filter>
    </ClInclude>
    <ClInclude Include="ClientCon.h">
      <Filter>Header Files</Filter>
    </ClInclude>
    <ClInclude Include="ClientDlg.h">
      <Filter>Header Files</Filter>
    </ClInclude>
    <ClInclude Include="ActionBar.h">
      <Filter>Header Files</Filter>
    </ClInclude>
    <ClInclude Include="TalentTree.h">
      <Filter>Header Files</Filter>
    </ClInclude>
  </ItemGroup>
  <ItemGroup>
    <ClCompile Include="stdafx.cpp">
      <Filter>Source Files</Filter>
    </ClCompile>
    <ClCompile Include="3dEngine.cpp">
      <Filter>Source Files</Filter>
    </ClCompile>
    <ClCompile Include="Cube.cpp">
      <Filter>Source Files</Filter>
    </ClCompile>
    <ClCompile Include="VectorLib.cpp">
      <Filter>Source Files</Filter>
    </ClCompile>
    <ClCompile Include="BasicShape.cpp">
      <Filter>Source Files</Filter>
    </ClCompile>
    <ClCompile Include="GControl.cpp">
      <Filter>Source Files</Filter>
    </ClCompile>
    <ClCompile Include="Player.cpp">
      <Filter>Source Files</Filter>
    </ClCompile>
    <ClCompile Include="ClientCon.cpp">
      <Filter>Source Files</Filter>
    </ClCompile>
    <ClCompile Include="ClientDlg.cpp">
      <Filter>Source Files</Filter>
    </ClCompile>
    <ClCompile Include="ActionBar.cpp">
      <Filter>Source Files</Filter>
    </ClCompile>
    <ClCompile Include="TalentTree.cpp">
      <Filter>Source Files</Filter>
    </ClCompile>
  </ItemGroup>
  <ItemGroup>
    <Image Include="cube.png">
      <Filter>Resource Files</Filter>
    </Image>
    <Image Include="floor.png">
      <Filter>Resource Files</Filter>
    </Image>
    <Image Include="wood.png">
      <Filter>Resource Files</Filter>
    </Image>
    <Image Include="actionBar.png">
      <Filter>Resource Files</Filter>
    </Image>
    <Image Include="icon1.png">
      <Filter>Resource Files</Filter>
    </Image>
    <Image Include="icon2.png">
      <Filter>Resource Files</Filter>
    </Image>
    <Image Include="template.png">
      <Filter>Resource Files</Filter>
    </Image>
    <Image Include="templateAdvanced.png">
      <Filter>Resource Files</Filter>
    </Image>
    <Image Include="treeTemplate.png">
      <Filter>Resource Files</Filter>
    </Image>
  </ItemGroup>
  <ItemGroup>
    <None Include="glut.def">
      <Filter>Source Files</Filter>
    </None>
    <None Include="glut32.dll" />
  </ItemGroup>
  <ItemGroup>
    <Library Include="glut32.lib" />
    <Library Include="SOIL.lib" />
  </ItemGroup>
</Project>